
Microsoft Visual Studio Solution File, Format Version 12.00
# Visual Studio 14
VisualStudioVersion = 14.0.25420.1
MinimumVisualStudioVersion = 10.0.40219.1
Project("{FAE04EC0-301F-11D3-BF4B-00C04F79EFBC}") = "CrazyCatLady", "CrazyCatLady\CrazyCatLady.csproj", "{69E9F285-63E3-478E-80AB-A72324937B6F}"
EndProject
Project("{FAE04EC0-301F-11D3-BF4B-00C04F79EFBC}") = "CrazyCatLady.Model", "CrazyCatLady.Model\CrazyCatLady.Model.csproj", "{BBF0010B-EE58-4FA5-85FA-DF319F123784}"
EndProject
Project("{FAE04EC0-301F-11D3-BF4B-00C04F79EFBC}") = "CrazyCatLady.Service", "CrazyCatLady.Service\CrazyCatLady.Service.csproj", "{E7265314-495B-41A2-8C40-9EC8B7024B15}"
EndProject
Global
	GlobalSection(SolutionConfigurationPlatforms) = preSolution
		Debug|Any CPU = Debug|Any CPU
		Release|Any CPU = Release|Any CPU
	EndGlobalSection
	GlobalSection(ProjectConfigurationPlatforms) = postSolution
		{69E9F285-63E3-478E-80AB-A72324937B6F}.Debug|Any CPU.ActiveCfg = Debug|Any CPU
		{69E9F285-63E3-478E-80AB-A72324937B6F}.Debug|Any CPU.Build.0 = Debug|Any CPU
		{69E9F285-63E3-478E-80AB-A72324937B6F}.Release|Any CPU.ActiveCfg = Release|Any CPU
		{69E9F285-63E3-478E-80AB-A72324937B6F}.Release|Any CPU.Build.0 = Release|Any CPU
		{BBF0010B-EE58-4FA5-85FA-DF319F123784}.Debug|Any CPU.ActiveCfg = Debug|Any CPU
		{BBF0010B-EE58-4FA5-85FA-DF319F123784}.Debug|Any CPU.Build.0 = Debug|Any CPU
		{BBF0010B-EE58-4FA5-85FA-DF319F123784}.Release|Any CPU.ActiveCfg = Release|Any CPU
		{BBF0010B-EE58-4FA5-85FA-DF319F123784}.Release|Any CPU.Build.0 = Release|Any CPU
		{E7265314-495B-41A2-8C40-9EC8B7024B15}.Debug|Any CPU.ActiveCfg = Debug|Any CPU
		{E7265314-495B-41A2-8C40-9EC8B7024B15}.Debug|Any CPU.Build.0 = Debug|Any CPU
		{E7265314-495B-41A2-8C40-9EC8B7024B15}.Release|Any CPU.ActiveCfg = Release|Any CPU
		{E7265314-495B-41A2-8C40-9EC8B7024B15}.Release|Any CPU.Build.0 = Release|Any CPU
	EndGlobalSection
	GlobalSection(SolutionProperties) = preSolution
		HideSolutionNode = FALSE
	EndGlobalSection
EndGlobal
